
Microsoft Visual Studio Solution File, Format Version 12.00
# Visual Studio Version 16
VisualStudioVersion = 16.0.30330.147
MinimumVisualStudioVersion = 10.0.40219.1
Project("{FAE04EC0-301F-11D3-BF4B-00C04F79EFBC}") = "XamFlix.Android", "XamFlix\XamFlix.Android\XamFlix.Android.csproj", "{266F74EF-3808-4FAB-94A8-358E1F9B9C5F}"
EndProject
Project("{FAE04EC0-301F-11D3-BF4B-00C04F79EFBC}") = "XamFlix.iOS", "XamFlix\XamFlix.iOS\XamFlix.iOS.csproj", "{5221179D-2D7B-4747-909E-959B0E3D5FB9}"
EndProject
Project("{FAE04EC0-301F-11D3-BF4B-00C04F79EFBC}") = "XamFlix", "XamFlix\XamFlix\XamFlix.csproj", "{2BD2FC2D-2DCA-401C-AA14-7E6F7D2BC974}"
EndProject
Global
	GlobalSection(SolutionConfigurationPlatforms) = preSolution
		Debug|Any CPU = Debug|Any CPU
		Debug|iPhone = Debug|iPhone
		Debug|iPhoneSimulator = Debug|iPhoneSimulator
		Release|Any CPU = Release|Any CPU
		Release|iPhone = Release|iPhone
		Release|iPhoneSimulator = Release|iPhoneSimulator
	EndGlobalSection
	GlobalSection(ProjectConfigurationPlatforms) = postSolution
		{266F74EF-3808-4FAB-94A8-358E1F9B9C5F}.Debug|Any CPU.ActiveCfg = Debug|Any CPU
		{266F74EF-3808-4FAB-94A8-358E1F9B9C5F}.Debug|Any CPU.Build.0 = Debug|Any CPU
		{266F74EF-3808-4FAB-94A8-358E1F9B9C5F}.Debug|Any CPU.Deploy.0 = Debug|Any CPU
		{266F74EF-3808-4FAB-94A8-358E1F9B9C5F}.Debug|iPhone.ActiveCfg = Debug|Any CPU
		{266F74EF-3808-4FAB-94A8-358E1F9B9C5F}.Debug|iPhone.Build.0 = Debug|Any CPU
		{266F74EF-3808-4FAB-94A8-358E1F9B9C5F}.Debug|iPhone.Deploy.0 = Debug|Any CPU
		{266F74EF-3808-4FAB-94A8-358E1F9B9C5F}.Debug|iPhoneSimulator.ActiveCfg = Debug|Any CPU
		{266F74EF-3808-4FAB-94A8-358E1F9B9C5F}.Debug|iPhoneSimulator.Build.0 = Debug|Any CPU
		{266F74EF-3808-4FAB-94A8-358E1F9B9C5F}.Debug|iPhoneSimulator.Deploy.0 = Debug|Any CPU
		{266F74EF-3808-4FAB-94A8-358E1F9B9C5F}.Release|Any CPU.ActiveCfg = Release|Any CPU
		{266F74EF-3808-4FAB-94A8-358E1F9B9C5F}.Release|Any CPU.Build.0 = Release|Any CPU
		{266F74EF-3808-4FAB-94A8-358E1F9B9C5F}.Release|Any CPU.Deploy.0 = Release|Any CPU
		{266F74EF-3808-4FAB-94A8-358E1F9B9C5F}.Release|iPhone.ActiveCfg = Release|Any CPU
		{266F74EF-3808-4FAB-94A8-358E1F9B9C5F}.Release|iPhone.Build.0 = Release|Any CPU
		{266F74EF-3808-4FAB-94A8-358E1F9B9C5F}.Release|iPhone.Deploy.0 = Release|Any CPU
		{266F74EF-3808-4FAB-94A8-358E1F9B9C5F}.Release|iPhoneSimulator.ActiveCfg = Release|Any CPU
		{266F74EF-3808-4FAB-94A8-358E1F9B9C5F}.Release|iPhoneSimulator.Build.0 = Release|Any CPU
		{266F74EF-3808-4FAB-94A8-358E1F9B9C5F}.Release|iPhoneSimulator.Deploy.0 = Release|Any CPU
		{5221179D-2D7B-4747-909E-959B0E3D5FB9}.Debug|Any CPU.ActiveCfg = Debug|iPhone
		{5221179D-2D7B-4747-909E-959B0E3D5FB9}.Debug|Any CPU.Build.0 = Debug|iPhone
		{5221179D-2D7B-4747-909E-959B0E3D5FB9}.Debug|Any CPU.Deploy.0 = Debug|iPhone
		{5221179D-2D7B-4747-909E-959B0E3D5FB9}.Debug|iPhone.ActiveCfg = Debug|iPhone
		{5221179D-2D7B-4747-909E-959B0E3D5FB9}.Debug|iPhone.Build.0 = Debug|iPhone
		{5221179D-2D7B-4747-909E-959B0E3D5FB9}.Debug|iPhone.Deploy.0 = Debug|iPhone
		{5221179D-2D7B-4747-909E-959B0E3D5FB9}.Debug|iPhoneSimulator.ActiveCfg = Debug|iPhoneSimulator
		{5221179D-2D7B-4747-909E-959B0E3D5FB9}.Debug|iPhoneSimulator.Build.0 = Debug|iPhoneSimulator
		{5221179D-2D7B-4747-909E-959B0E3D5FB9}.Debug|iPhoneSimulator.Deploy.0 = Debug|iPhoneSimulator
		{5221179D-2D7B-4747-909E-959B0E3D5FB9}.Release|Any CPU.ActiveCfg = Release|iPhone
		{5221179D-2D7B-4747-909E-959B0E3D5FB9}.Release|Any CPU.Build.0 = Release|iPhone
		{5221179D-2D7B-4747-909E-959B0E3D5FB9}.Release|Any CPU.Deploy.0 = Release|iPhone
		{5221179D-2D7B-4747-909E-959B0E3D5FB9}.Release|iPhone.ActiveCfg = Release|iPhone
		{5221179D-2D7B-4747-909E-959B0E3D5FB9}.Release|iPhone.Build.0 = Release|iPhone
		{5221179D-2D7B-4747-909E-959B0E3D5FB9}.Release|iPhone.Deploy.0 = Release|iPhone
		{5221179D-2D7B-4747-909E-959B0E3D5FB9}.Release|iPhoneSimulator.ActiveCfg = Release|iPhoneSimulator
		{5221179D-2D7B-4747-909E-959B0E3D5FB9}.Release|iPhoneSimulator.Build.0 = Release|iPhoneSimulator
		{5221179D-2D7B-4747-909E-959B0E3D5FB9}.Release|iPhoneSimulator.Deploy.0 = Release|iPhoneSimulator
		{2BD2FC2D-2DCA-401C-AA14-7E6F7D2BC974}.Debug|Any CPU.ActiveCfg = Debug|Any CPU
		{2BD2FC2D-2DCA-401C-AA14-7E6F7D2BC974}.Debug|Any CPU.Build.0 = Debug|Any CPU
		{2BD2FC2D-2DCA-401C-AA14-7E6F7D2BC974}.Debug|Any CPU.Deploy.0 = Debug|Any CPU
		{2BD2FC2D-2DCA-401C-AA14-7E6F7D2BC974}.Debug|iPhone.ActiveCfg = Debug|Any CPU
		{2BD2FC2D-2DCA-401C-AA14-7E6F7D2BC974}.Debug|iPhone.Build.0 = Debug|Any CPU
		{2BD2FC2D-2DCA-401C-AA14-7E6F7D2BC974}.Debug|iPhone.Deploy.0 = Debug|Any CPU
		{2BD2FC2D-2DCA-401C-AA14-7E6F7D2BC974}.Debug|iPhoneSimulator.ActiveCfg = Debug|Any CPU
		{2BD2FC2D-2DCA-401C-AA14-7E6F7D2BC974}.Debug|iPhoneSimulator.Build.0 = Debug|Any CPU
		{2BD2FC2D-2DCA-401C-AA14-7E6F7D2BC974}.Debug|iPhoneSimulator.Deploy.0 = Debug|Any CPU
		{2BD2FC2D-2DCA-401C-AA14-7E6F7D2BC974}.Release|Any CPU.ActiveCfg = Release|Any CPU
		{2BD2FC2D-2DCA-401C-AA14-7E6F7D2BC974}.Release|Any CPU.Build.0 = Release|Any CPU
		{2BD2FC2D-2DCA-401C-AA14-7E6F7D2BC974}.Release|Any CPU.Deploy.0 = Release|Any CPU
		{2BD2FC2D-2DCA-401C-AA14-7E6F7D2BC974}.Release|iPhone.ActiveCfg = Release|Any CPU
		{2BD2FC2D-2DCA-401C-AA14-7E6F7D2BC974}.Release|iPhone.Build.0 = Release|Any CPU
		{2BD2FC2D-2DCA-401C-AA14-7E6F7D2BC974}.Release|iPhone.Deploy.0 = Release|Any CPU
		{2BD2FC2D-2DCA-401C-AA14-7E6F7D2BC974}.Release|iPhoneSimulator.ActiveCfg = Release|Any CPU
		{2BD2FC2D-2DCA-401C-AA14-7E6F7D2BC974}.Release|iPhoneSimulator.Build.0 = Release|Any CPU
		{2BD2FC2D-2DCA-401C-AA14-7E6F7D2BC974}.Release|iPhoneSimulator.Deploy.0 = Release|Any CPU
	EndGlobalSection
	GlobalSection(SolutionProperties) = preSolution
		HideSolutionNode = FALSE
	EndGlobalSection
	GlobalSection(ExtensibilityGlobals) = postSolution
		SolutionGuid = {9AE46EFC-C1D2-44AA-B5AB-68F655732E75}
	EndGlobalSection
EndGlobal
